
Microsoft Visual Studio Solution File, Format Version 12.00
# Visual Studio Version 17
VisualStudioVersion = 17.9.34607.119
MinimumVisualStudioVersion = 10.0.40219.1
Project("{FAE04EC0-301F-11D3-BF4B-00C04F79EFBC}") = "Blazor", "Blazor\Blazor.csproj", "{A0B11E3A-9DD8-4CF5-B3BB-5DF4D4459CCB}"
EndProject
Global
	GlobalSection(SolutionConfigurationPlatforms) = preSolution
		Debug|Any CPU = Debug|Any CPU
		Release|Any CPU = Release|Any CPU
	EndGlobalSection
	GlobalSection(ProjectConfigurationPlatforms) = postSolution
		{A0B11E3A-9DD8-4CF5-B3BB-5DF4D4459CCB}.Debug|Any CPU.ActiveCfg = Debug|Any CPU
		{A0B11E3A-9DD8-4CF5-B3BB-5DF4D4459CCB}.Debug|Any CPU.Build.0 = Debug|Any CPU
		{A0B11E3A-9DD8-4CF5-B3BB-5DF4D4459CCB}.Release|Any CPU.ActiveCfg = Release|Any CPU
		{A0B11E3A-9DD8-4CF5-B3BB-5DF4D4459CCB}.Release|Any CPU.Build.0 = Release|Any CPU
	EndGlobalSection
	GlobalSection(SolutionProperties) = preSolution
		HideSolutionNode = FALSE
	EndGlobalSection
	GlobalSection(ExtensibilityGlobals) = postSolution
		SolutionGuid = {DEB2DA2E-5372-47BF-A887-92CF26DF3D3F}
	EndGlobalSection
EndGlobal
